// !$*UTF8*$!
{
	archiveVersion = 1;
	classes = {
	};
	objectVersion = 55;
	objects = {

/* Begin PBXBuildFile section */
		D97A66DC28337CD40015084D /* Settings.bundle in Resources */ = {isa = PBXBuildFile; fileRef = D97A66DB28337CD40015084D /* Settings.bundle */; };
		D97A66DF2834335C0015084D /* QuestionScene.swift in Sources */ = {isa = PBXBuildFile; fileRef = D97A66DD2834335C0015084D /* QuestionScene.swift */; };
		D97A66E02834335C0015084D /* QuestionScene.xib in Resources */ = {isa = PBXBuildFile; fileRef = D97A66DE2834335C0015084D /* QuestionScene.xib */; };
		D97A66E5283433B60015084D /* AnswerScene.swift in Sources */ = {isa = PBXBuildFile; fileRef = D97A66E3283433B60015084D /* AnswerScene.swift */; };
		D97A66E6283433B60015084D /* AnswerScene.xib in Resources */ = {isa = PBXBuildFile; fileRef = D97A66E4283433B60015084D /* AnswerScene.xib */; };
		D97A66E9283434210015084D /* ResultScene.swift in Sources */ = {isa = PBXBuildFile; fileRef = D97A66E7283434210015084D /* ResultScene.swift */; };
		D97A66EA283434210015084D /* ResultScene.xib in Resources */ = {isa = PBXBuildFile; fileRef = D97A66E8283434210015084D /* ResultScene.xib */; };
		D97A66EC2835525E0015084D /* Reachability.swift in Sources */ = {isa = PBXBuildFile; fileRef = D97A66EB2835525E0015084D /* Reachability.swift */; };
		D9FF3D9C282877EF00942DA2 /* AppDelegate.swift in Sources */ = {isa = PBXBuildFile; fileRef = D9FF3D9B282877EF00942DA2 /* AppDelegate.swift */; };
		D9FF3D9E282877EF00942DA2 /* SceneDelegate.swift in Sources */ = {isa = PBXBuildFile; fileRef = D9FF3D9D282877EF00942DA2 /* SceneDelegate.swift */; };
		D9FF3DA0282877EF00942DA2 /* ViewController.swift in Sources */ = {isa = PBXBuildFile; fileRef = D9FF3D9F282877EF00942DA2 /* ViewController.swift */; };
		D9FF3DA3282877EF00942DA2 /* Main.storyboard in Resources */ = {isa = PBXBuildFile; fileRef = D9FF3DA1282877EF00942DA2 /* Main.storyboard */; };
		D9FF3DA5282877F100942DA2 /* Assets.xcassets in Resources */ = {isa = PBXBuildFile; fileRef = D9FF3DA4282877F100942DA2 /* Assets.xcassets */; };
		D9FF3DA8282877F100942DA2 /* LaunchScreen.storyboard in Resources */ = {isa = PBXBuildFile; fileRef = D9FF3DA6282877F100942DA2 /* LaunchScreen.storyboard */; };
		D9FF3DB7282895C400942DA2 /* SubjectTableCell.swift in Sources */ = {isa = PBXBuildFile; fileRef = D9FF3DB5282895C400942DA2 /* SubjectTableCell.swift */; };
		D9FF3DB8282895C400942DA2 /* SubjectTableCell.xib in Resources */ = {isa = PBXBuildFile; fileRef = D9FF3DB6282895C400942DA2 /* SubjectTableCell.xib */; };
		D9FF3DBC2829C68900942DA2 /* MathsQuiz.swift in Sources */ = {isa = PBXBuildFile; fileRef = D9FF3DBB2829C68900942DA2 /* MathsQuiz.swift */; };
		D9FF3DBE2829C7B600942DA2 /* MarvelQuiz.swift in Sources */ = {isa = PBXBuildFile; fileRef = D9FF3DBD2829C7B600942DA2 /* MarvelQuiz.swift */; };
		D9FF3DC02829C7C800942DA2 /* ScienceQuiz.swift in Sources */ = {isa = PBXBuildFile; fileRef = D9FF3DBF2829C7C800942DA2 /* ScienceQuiz.swift */; };
/* End PBXBuildFile section */

/* Begin PBXFileReference section */
		D97A66DB28337CD40015084D /* Settings.bundle */ = {isa = PBXFileReference; lastKnownFileType = "wrapper.plug-in"; path = Settings.bundle; sourceTree = "<group>"; };
		D97A66DD2834335C0015084D /* QuestionScene.swift */ = {isa = PBXFileReference; lastKnownFileType = sourcecode.swift; path = QuestionScene.swift; sourceTree = "<group>"; };
		D97A66DE2834335C0015084D /* QuestionScene.xib */ = {isa = PBXFileReference; lastKnownFileType = file.xib; path = QuestionScene.xib; sourceTree = "<group>"; };
		D97A66E3283433B60015084D /* AnswerScene.swift */ = {isa = PBXFileReference; lastKnownFileType = sourcecode.swift; path = AnswerScene.swift; sourceTree = "<group>"; };
		D97A66E4283433B60015084D /* AnswerScene.xib */ = {isa = PBXFileReference; lastKnownFileType = file.xib; path = AnswerScene.xib; sourceTree = "<group>"; };
		D97A66E7283434210015084D /* ResultScene.swift */ = {isa = PBXFileReference; lastKnownFileType = sourcecode.swift; path = ResultScene.swift; sourceTree = "<group>"; };
		D97A66E8283434210015084D /* ResultScene.xib */ = {isa = PBXFileReference; lastKnownFileType = file.xib; path = ResultScene.xib; sourceTree = "<group>"; };
		D97A66EB2835525E0015084D /* Reachability.swift */ = {isa = PBXFileReference; lastKnownFileType = sourcecode.swift; path = Reachability.swift; sourceTree = "<group>"; };
		D9FF3D98282877EF00942DA2 /* iQuiz.app */ = {isa = PBXFileReference; explicitFileType = wrapper.application; includeInIndex = 0; path = iQuiz.app; sourceTree = BUILT_PRODUCTS_DIR; };
		D9FF3D9B282877EF00942DA2 /* AppDelegate.swift */ = {isa = PBXFileReference; lastKnownFileType = sourcecode.swift; path = AppDelegate.swift; sourceTree = "<group>"; };
		D9FF3D9D282877EF00942DA2 /* SceneDelegate.swift */ = {isa = PBXFileReference; lastKnownFileType = sourcecode.swift; path = SceneDelegate.swift; sourceTree = "<group>"; };
		D9FF3D9F282877EF00942DA2 /* ViewController.swift */ = {isa = PBXFileReference; lastKnownFileType = sourcecode.swift; path = ViewController.swift; sourceTree = "<group>"; };
		D9FF3DA2282877EF00942DA2 /* Base */ = {isa = PBXFileReference; lastKnownFileType = file.storyboard; name = Base; path = Base.lproj/Main.storyboard; sourceTree = "<group>"; };
		D9FF3DA4282877F100942DA2 /* Assets.xcassets */ = {isa = PBXFileReference; lastKnownFileType = folder.assetcatalog; path = Assets.xcassets; sourceTree = "<group>"; };
		D9FF3DA7282877F100942DA2 /* Base */ = {isa = PBXFileReference; lastKnownFileType = file.storyboard; name = Base; path = Base.lproj/LaunchScreen.storyboard; sourceTree = "<group>"; };
		D9FF3DA9282877F100942DA2 /* Info.plist */ = {isa = PBXFileReference; lastKnownFileType = text.plist.xml; path = Info.plist; sourceTree = "<group>"; };
		D9FF3DB5282895C400942DA2 /* SubjectTableCell.swift */ = {isa = PBXFileReference; lastKnownFileType = sourcecode.swift; path = SubjectTableCell.swift; sourceTree = "<group>"; };
		D9FF3DB6282895C400942DA2 /* SubjectTableCell.xib */ = {isa = PBXFileReference; lastKnownFileType = file.xib; path = SubjectTableCell.xib; sourceTree = "<group>"; };
		D9FF3DBB2829C68900942DA2 /* MathsQuiz.swift */ = {isa = PBXFileReference; lastKnownFileType = sourcecode.swift; path = MathsQuiz.swift; sourceTree = "<group>"; };
		D9FF3DBD2829C7B600942DA2 /* MarvelQuiz.swift */ = {isa = PBXFileReference; lastKnownFileType = sourcecode.swift; path = MarvelQuiz.swift; sourceTree = "<group>"; };
		D9FF3DBF2829C7C800942DA2 /* ScienceQuiz.swift */ = {isa = PBXFileReference; lastKnownFileType = sourcecode.swift; path = ScienceQuiz.swift; sourceTree = "<group>"; };
/* End PBXFileReference section */

/* Begin PBXFrameworksBuildPhase section */
		D9FF3D95282877EF00942DA2 /* Frameworks */ = {
			isa = PBXFrameworksBuildPhase;
			buildActionMask = 2147483647;
			files = (
			);
			runOnlyForDeploymentPostprocessing = 0;
		};
/* End PBXFrameworksBuildPhase section */

/* Begin PBXGroup section */
		D9FF3D8F282877EF00942DA2 = {
			isa = PBXGroup;
			children = (
				D9FF3D9A282877EF00942DA2 /* iQuiz */,
				D9FF3D99282877EF00942DA2 /* Products */,
			);
			sourceTree = "<group>";
		};
		D9FF3D99282877EF00942DA2 /* Products */ = {
			isa = PBXGroup;
			children = (
				D9FF3D98282877EF00942DA2 /* iQuiz.app */,
			);
			name = Products;
			sourceTree = "<group>";
		};
		D9FF3D9A282877EF00942DA2 /* iQuiz */ = {
			isa = PBXGroup;
			children = (
				D9FF3D9B282877EF00942DA2 /* AppDelegate.swift */,
				D9FF3D9D282877EF00942DA2 /* SceneDelegate.swift */,
				D97A66EB2835525E0015084D /* Reachability.swift */,
				D9FF3D9F282877EF00942DA2 /* ViewController.swift */,
				D9FF3DB5282895C400942DA2 /* SubjectTableCell.swift */,
				D9FF3DB6282895C400942DA2 /* SubjectTableCell.xib */,
				D97A66DD2834335C0015084D /* QuestionScene.swift */,
				D97A66DE2834335C0015084D /* QuestionScene.xib */,
				D97A66E3283433B60015084D /* AnswerScene.swift */,
				D97A66E4283433B60015084D /* AnswerScene.xib */,
				D97A66E7283434210015084D /* ResultScene.swift */,
				D97A66E8283434210015084D /* ResultScene.xib */,
				D9FF3DA1282877EF00942DA2 /* Main.storyboard */,
				D9FF3DA6282877F100942DA2 /* LaunchScreen.storyboard */,
				D9FF3DBB2829C68900942DA2 /* MathsQuiz.swift */,
				D9FF3DBD2829C7B600942DA2 /* MarvelQuiz.swift */,
				D9FF3DBF2829C7C800942DA2 /* ScienceQuiz.swift */,
				D9FF3DA4282877F100942DA2 /* Assets.xcassets */,
				D9FF3DA9282877F100942DA2 /* Info.plist */,
				D97A66DB28337CD40015084D /* Settings.bundle */,
			);
			path = iQuiz;
			sourceTree = "<group>";
		};
/* End PBXGroup section */

/* Begin PBXNativeTarget section */
		D9FF3D97282877EF00942DA2 /* iQuiz */ = {
			isa = PBXNativeTarget;
			buildConfigurationList = D9FF3DAC282877F100942DA2 /* Build configuration list for PBXNativeTarget "iQuiz" */;
			buildPhases = (
				D9FF3D94282877EF00942DA2 /* Sources */,
				D9FF3D95282877EF00942DA2 /* Frameworks */,
				D9FF3D96282877EF00942DA2 /* Resources */,
			);
			buildRules = (
			);
			dependencies = (
			);
			name = iQuiz;
			productName = iQuiz;
			productReference = D9FF3D98282877EF00942DA2 /* iQuiz.app */;
			productType = "com.apple.product-type.application";
		};
/* End PBXNativeTarget section */

/* Begin PBXProject section */
		D9FF3D90282877EF00942DA2 /* Project object */ = {
			isa = PBXProject;
			attributes = {
				BuildIndependentTargetsInParallel = 1;
				LastSwiftUpdateCheck = 1330;
				LastUpgradeCheck = 1330;
				TargetAttributes = {
					D9FF3D97282877EF00942DA2 = {
						CreatedOnToolsVersion = 13.3;
					};
				};
			};
			buildConfigurationList = D9FF3D93282877EF00942DA2 /* Build configuration list for PBXProject "iQuiz" */;
			compatibilityVersion = "Xcode 13.0";
			developmentRegion = en;
			hasScannedForEncodings = 0;
			knownRegions = (
				en,
				Base,
			);
			mainGroup = D9FF3D8F282877EF00942DA2;
			productRefGroup = D9FF3D99282877EF00942DA2 /* Products */;
			projectDirPath = "";
			projectRoot = "";
			targets = (
				D9FF3D97282877EF00942DA2 /* iQuiz */,
			);
		};
/* End PBXProject section */

/* Begin PBXResourcesBuildPhase section */
		D9FF3D96282877EF00942DA2 /* Resources */ = {
			isa = PBXResourcesBuildPhase;
			buildActionMask = 2147483647;
			files = (
				D9FF3DA8282877F100942DA2 /* LaunchScreen.storyboard in Resources */,
				D9FF3DB8282895C400942DA2 /* SubjectTableCell.xib in Resources */,
				D97A66DC28337CD40015084D /* Settings.bundle in Resources */,
				D97A66E6283433B60015084D /* AnswerScene.xib in Resources */,
				D9FF3DA5282877F100942DA2 /* Assets.xcassets in Resources */,
				D97A66EA283434210015084D /* ResultScene.xib in Resources */,
				D97A66E02834335C0015084D /* QuestionScene.xib in Resources */,
				D9FF3DA3282877EF00942DA2 /* Main.storyboard in Resources */,
			);
			runOnlyForDeploymentPostprocessing = 0;
		};
/* End PBXResourcesBuildPhase section */

/* Begin PBXSourcesBuildPhase section */
		D9FF3D94282877EF00942DA2 /* Sources */ = {
			isa = PBXSourcesBuildPhase;
			buildActionMask = 2147483647;
			files = (
				D9FF3DA0282877EF00942DA2 /* ViewController.swift in Sources */,
				D9FF3DBE2829C7B600942DA2 /* MarvelQuiz.swift in Sources */,
				D9FF3DB7282895C400942DA2 /* SubjectTableCell.swift in Sources */,
				D97A66E9283434210015084D /* ResultScene.swift in Sources */,
				D9FF3DBC2829C68900942DA2 /* MathsQuiz.swift in Sources */,
				D97A66DF2834335C0015084D /* QuestionScene.swift in Sources */,
				D97A66E5283433B60015084D /* AnswerScene.swift in Sources */,
				D97A66EC2835525E0015084D /* Reachability.swift in Sources */,
				D9FF3D9C282877EF00942DA2 /* AppDelegate.swift in Sources */,
				D9FF3D9E282877EF00942DA2 /* SceneDelegate.swift in Sources */,
				D9FF3DC02829C7C800942DA2 /* ScienceQuiz.swift in Sources */,
			);
			runOnlyForDeploymentPostprocessing = 0;
		};
/* End PBXSourcesBuildPhase section */

/* Begin PBXVariantGroup section */
		D9FF3DA1282877EF00942DA2 /* Main.storyboard */ = {
			isa = PBXVariantGroup;
			children = (
				D9FF3DA2282877EF00942DA2 /* Base */,
			);
			name = Main.storyboard;
			sourceTree = "<group>";
		};
		D9FF3DA6282877F100942DA2 /* LaunchScreen.storyboard */ = {
			isa = PBXVariantGroup;
			children = (
				D9FF3DA7282877F100942DA2 /* Base */,
			);
			name = LaunchScreen.storyboard;
			sourceTree = "<group>";
		};
/* End PBXVariantGroup section */

/* Begin XCBuildConfiguration section */
		D9FF3DAA282877F100942DA2 /* Debug */ = {
			isa = XCBuildConfiguration;
			buildSettings = {
				ALWAYS_SEARCH_USER_PATHS = NO;
				CLANG_ANALYZER_NONNULL = YES;
				CLANG_ANALYZER_NUMBER_OBJECT_CONVERSION = YES_AGGRESSIVE;
				CLANG_CXX_LANGUAGE_STANDARD = "gnu++17";
				CLANG_ENABLE_MODULES = YES;
				CLANG_ENABLE_OBJC_ARC = YES;
				CLANG_ENABLE_OBJC_WEAK = YES;
				CLANG_WARN_BLOCK_CAPTURE_AUTORELEASING = YES;
				CLANG_WARN_BOOL_CONVERSION = YES;
				CLANG_WARN_COMMA = YES;
				CLANG_WARN_CONSTANT_CONVERSION = YES;
				CLANG_WARN_DEPRECATED_OBJC_IMPLEMENTATIONS = YES;
				CLANG_WARN_DIRECT_OBJC_ISA_USAGE = YES_ERROR;
				CLANG_WARN_DOCUMENTATION_COMMENTS = YES;
				CLANG_WARN_EMPTY_BODY = YES;
				CLANG_WARN_ENUM_CONVERSION = YES;
				CLANG_WARN_INFINITE_RECURSION = YES;
				CLANG_WARN_INT_CONVERSION = YES;
				CLANG_WARN_NON_LITERAL_NULL_CONVERSION = YES;
				CLANG_WARN_OBJC_IMPLICIT_RETAIN_SELF = YES;
				CLANG_WARN_OBJC_LITERAL_CONVERSION = YES;
				CLANG_WARN_OBJC_ROOT_CLASS = YES_ERROR;
				CLANG_WARN_QUOTED_INCLUDE_IN_FRAMEWORK_HEADER = YES;
				CLANG_WARN_RANGE_LOOP_ANALYSIS = YES;
				CLANG_WARN_STRICT_PROTOTYPES = YES;
				CLANG_WARN_SUSPICIOUS_MOVE = YES;
				CLANG_WARN_UNGUARDED_AVAILABILITY = YES_AGGRESSIVE;
				CLANG_WARN_UNREACHABLE_CODE = YES;
				CLANG_WARN__DUPLICATE_METHOD_MATCH = YES;
				COPY_PHASE_STRIP = NO;
				DEBUG_INFORMATION_FORMAT = dwarf;
				ENABLE_STRICT_OBJC_MSGSEND = YES;
				ENABLE_TESTABILITY = YES;
				GCC_C_LANGUAGE_STANDARD = gnu11;
				GCC_DYNAMIC_NO_PIC = NO;
				GCC_NO_COMMON_BLOCKS = YES;
				GCC_OPTIMIZATION_LEVEL = 0;
				GCC_PREPROCESSOR_DEFINITIONS = (
					"DEBUG=1",
					"$(inherited)",
				);
				GCC_WARN_64_TO_32_BIT_CONVERSION = YES;
				GCC_WARN_ABOUT_RETURN_TYPE = YES_ERROR;
				GCC_WARN_UNDECLARED_SELECTOR = YES;
				GCC_WARN_UNINITIALIZED_AUTOS = YES_AGGRESSIVE;
				GCC_WARN_UNUSED_FUNCTION = YES;
				GCC_WARN_UNUSED_VARIABLE = YES;
				IPHONEOS_DEPLOYMENT_TARGET = 15.4;
				MTL_ENABLE_DEBUG_INFO = INCLUDE_SOURCE;
				MTL_FAST_MATH = YES;
				ONLY_ACTIVE_ARCH = YES;
				SDKROOT = iphoneos;
				SWIFT_ACTIVE_COMPILATION_CONDITIONS = DEBUG;
				SWIFT_OPTIMIZATION_LEVEL = "-Onone";
			};
			name = Debug;
		};
		D9FF3DAB282877F100942DA2 /* Release */ = {
			isa = XCBuildConfiguration;
			buildSettings = {
				ALWAYS_SEARCH_USER_PATHS = NO;
				CLANG_ANALYZER_NONNULL = YES;
				CLANG_ANALYZER_NUMBER_OBJECT_CONVERSION = YES_AGGRESSIVE;
				CLANG_CXX_LANGUAGE_STANDARD = "gnu++17";
				CLANG_ENABLE_MODULES = YES;
				CLANG_ENABLE_OBJC_ARC = YES;
				CLANG_ENABLE_OBJC_WEAK = YES;
				CLANG_WARN_BLOCK_CAPTURE_AUTORELEASING = YES;
				CLANG_WARN_BOOL_CONVERSION = YES;
				CLANG_WARN_COMMA = YES;
				CLANG_WARN_CONSTANT_CONVERSION = YES;
				CLANG_WARN_DEPRECATED_OBJC_IMPLEMENTATIONS = YES;
				CLANG_WARN_DIRECT_OBJC_ISA_USAGE = YES_ERROR;
				CLANG_WARN_DOCUMENTATION_COMMENTS = YES;
				CLANG_WARN_EMPTY_BODY = YES;
				CLANG_WARN_ENUM_CONVERSION = YES;
				CLANG_WARN_INFINITE_RECURSION = YES;
				CLANG_WARN_INT_CONVERSION = YES;
				CLANG_WARN_NON_LITERAL_NULL_CONVERSION = YES;
				CLANG_WARN_OBJC_IMPLICIT_RETAIN_SELF = YES;
				CLANG_WARN_OBJC_LITERAL_CONVERSION = YES;
				CLANG_WARN_OBJC_ROOT_CLASS = YES_ERROR;
				CLANG_WARN_QUOTED_INCLUDE_IN_FRAMEWORK_HEADER = YES;
				CLANG_WARN_RANGE_LOOP_ANALYSIS = YES;
				CLANG_WARN_STRICT_PROTOTYPES = YES;
				CLANG_WARN_SUSPICIOUS_MOVE = YES;
				CLANG_WARN_UNGUARDED_AVAILABILITY = YES_AGGRESSIVE;
				CLANG_WARN_UNREACHABLE_CODE = YES;
				CLANG_WARN__DUPLICATE_METHOD_MATCH = YES;
				COPY_PHASE_STRIP = NO;
				DEBUG_INFORMATION_FORMAT = "dwarf-with-dsym";
				ENABLE_NS_ASSERTIONS = NO;
				ENABLE_STRICT_OBJC_MSGSEND = YES;
				GCC_C_LANGUAGE_STANDARD = gnu11;
				GCC_NO_COMMON_BLOCKS = YES;
				GCC_WARN_64_TO_32_BIT_CONVERSION = YES;
				GCC_WARN_ABOUT_RETURN_TYPE = YES_ERROR;
				GCC_WARN_UNDECLARED_SELECTOR = YES;
				GCC_WARN_UNINITIALIZED_AUTOS = YES_AGGRESSIVE;
				GCC_WARN_UNUSED_FUNCTION = YES;
				GCC_WARN_UNUSED_VARIABLE = YES;
				IPHONEOS_DEPLOYMENT_TARGET = 15.4;
				MTL_ENABLE_DEBUG_INFO = NO;
				MTL_FAST_MATH = YES;
				SDKROOT = iphoneos;
				SWIFT_COMPILATION_MODE = wholemodule;
				SWIFT_OPTIMIZATION_LEVEL = "-O";
				VALIDATE_PRODUCT = YES;
			};
			name = Release;
		};
		D9FF3DAD282877F100942DA2 /* Debug */ = {
			isa = XCBuildConfiguration;
			buildSettings = {
				ASSETCATALOG_COMPILER_APPICON_NAME = AppIcon;
				ASSETCATALOG_COMPILER_GLOBAL_ACCENT_COLOR_NAME = AccentColor;
				CODE_SIGN_STYLE = Automatic;
				CURRENT_PROJECT_VERSION = 1;
				DEVELOPMENT_TEAM = GJC6R3XAXW;
				GENERATE_INFOPLIST_FILE = YES;
				INFOPLIST_FILE = iQuiz/Info.plist;
				INFOPLIST_KEY_UIApplicationSupportsIndirectInputEvents = YES;
				INFOPLIST_KEY_UILaunchStoryboardName = LaunchScreen;
				INFOPLIST_KEY_UIMainStoryboardFile = Main;
				INFOPLIST_KEY_UISupportedInterfaceOrientations_iPad = "UIInterfaceOrientationPortrait UIInterfaceOrientationPortraitUpsideDown UIInterfaceOrientationLandscapeLeft UIInterfaceOrientationLandscapeRight";
				INFOPLIST_KEY_UISupportedInterfaceOrientations_iPhone = "UIInterfaceOrientationPortrait UIInterfaceOrientationLandscapeLeft UIInterfaceOrientationLandscapeRight";
				LD_RUNPATH_SEARCH_PATHS = (
					"$(inherited)",
					"@executable_path/Frameworks",
				);
				MARKETING_VERSION = 1.0;
				PRODUCT_BUNDLE_IDENTIFIER = cku2.iQuiz;
				PRODUCT_NAME = "$(TARGET_NAME)";
				SWIFT_EMIT_LOC_STRINGS = YES;
				SWIFT_VERSION = 5.0;
				TARGETED_DEVICE_FAMILY = "1,2";
			};
			name = Debug;
		};
		D9FF3DAE282877F100942DA2 /* Release */ = {
			isa = XCBuildConfiguration;
			buildSettings = {
				ASSETCATALOG_COMPILER_APPICON_NAME = AppIcon;
				ASSETCATALOG_COMPILER_GLOBAL_ACCENT_COLOR_NAME = AccentColor;
				CODE_SIGN_STYLE = Automatic;
				CURRENT_PROJECT_VERSION = 1;
				DEVELOPMENT_TEAM = GJC6R3XAXW;
				GENERATE_INFOPLIST_FILE = YES;
				INFOPLIST_FILE = iQuiz/Info.plist;
				INFOPLIST_KEY_UIApplicationSupportsIndirectInputEvents = YES;
				INFOPLIST_KEY_UILaunchStoryboardName = LaunchScreen;
				INFOPLIST_KEY_UIMainStoryboardFile = Main;
				INFOPLIST_KEY_UISupportedInterfaceOrientations_iPad = "UIInterfaceOrientationPortrait UIInterfaceOrientationPortraitUpsideDown UIInterfaceOrientationLandscapeLeft UIInterfaceOrientationLandscapeRight";
				INFOPLIST_KEY_UISupportedInterfaceOrientations_iPhone = "UIInterfaceOrientationPortrait UIInterfaceOrientationLandscapeLeft UIInterfaceOrientationLandscapeRight";
				LD_RUNPATH_SEARCH_PATHS = (
					"$(inherited)",
					"@executable_path/Frameworks",
				);
				MARKETING_VERSION = 1.0;
				PRODUCT_BUNDLE_IDENTIFIER = cku2.iQuiz;
				PRODUCT_NAME = "$(TARGET_NAME)";
				SWIFT_EMIT_LOC_STRINGS = YES;
				SWIFT_VERSION = 5.0;
				TARGETED_DEVICE_FAMILY = "1,2";
			};
			name = Release;
		};
/* End XCBuildConfiguration section */

/* Begin XCConfigurationList section */
		D9FF3D93282877EF00942DA2 /* Build configuration list for PBXProject "iQuiz" */ = {
			isa = XCConfigurationList;
			buildConfigurations = (
				D9FF3DAA282877F100942DA2 /* Debug */,
				D9FF3DAB282877F100942DA2 /* Release */,
			);
			defaultConfigurationIsVisible = 0;
			defaultConfigurationName = Release;
		};
		D9FF3DAC282877F100942DA2 /* Build configuration list for PBXNativeTarget "iQuiz" */ = {
			isa = XCConfigurationList;
			buildConfigurations = (
				D9FF3DAD282877F100942DA2 /* Debug */,
				D9FF3DAE282877F100942DA2 /* Release */,
			);
			defaultConfigurationIsVisible = 0;
			defaultConfigurationName = Release;
		};
/* End XCConfigurationList section */
	};
	rootObject = D9FF3D90282877EF00942DA2 /* Project object */;
}
